{
  "requires": true,
  "lockfileVersion": 1,
  "dependencies": {
    "@angular/animation": {
      "version": "4.0.0-beta.8",
      "resolved": "https://registry.npmjs.org/@angular/animation/-/animation-4.0.0-beta.8.tgz",
      "integrity": "sha1-n2G07oT/To9Iq7DrSf/wK97czC4="
    },
    "@angular/animations": {
      "version": "6.1.2",
      "resolved": "https://registry.npmjs.org/@angular/animations/-/animations-6.1.2.tgz",
      "integrity": "sha512-E6eFwoRSKKEGPDsIF5AnecDid3ZoOczG5WUTpOYIGUfKtB1kqiisZCP/090RWN48xU3nDssxwPiN9dJ7a4Hf4w==",
      "requires": {
        "tslib": "^1.9.0"
      }
    },
    "tslib": {
      "version": "1.9.3",
      "resolved": "https://registry.npmjs.org/tslib/-/tslib-1.9.3.tgz",
      "integrity": "sha512-4krF8scpejhaOgqzBEcGM7yDIEfi0/8+8zDRZhNZZ2kjmHJ4hv3zCbQWxoJGz1iw5U0Jl0nma13xzHXcncMavQ=="
    }
  }
}
